// !$*UTF8*$!
{
	archiveVersion = 1;
	classes = {
	};
	objectVersion = 56;
	objects = {

/* Begin PBXBuildFile section */
		091F4C062993D38C00274A9B /* AppDelegate.swift in Sources */ = {isa = PBXBuildFile; fileRef = 091F4C052993D38C00274A9B /* AppDelegate.swift */; };
		091F4C082993D38C00274A9B /* SceneDelegate.swift in Sources */ = {isa = PBXBuildFile; fileRef = 091F4C072993D38C00274A9B /* SceneDelegate.swift */; };
		091F4C0F2993D39200274A9B /* Assets.xcassets in Resources */ = {isa = PBXBuildFile; fileRef = 091F4C0E2993D39200274A9B /* Assets.xcassets */; };
		091F4C122993D39200274A9B /* LaunchScreen.storyboard in Resources */ = {isa = PBXBuildFile; fileRef = 091F4C102993D39200274A9B /* LaunchScreen.storyboard */; };
		091F4C202993D60200274A9B /* HomePageController.swift in Sources */ = {isa = PBXBuildFile; fileRef = 091F4C1F2993D60200274A9B /* HomePageController.swift */; };
		091F4C222993D6C600274A9B /* BaseController.swift in Sources */ = {isa = PBXBuildFile; fileRef = 091F4C212993D6C600274A9B /* BaseController.swift */; };
		091F4C242993D8B700274A9B /* UIView+Layout.swift in Sources */ = {isa = PBXBuildFile; fileRef = 091F4C232993D8B700274A9B /* UIView+Layout.swift */; };
		09672F932995AEC600931891 /* BaseTabBarController.swift in Sources */ = {isa = PBXBuildFile; fileRef = 09672F922995AEC600931891 /* BaseTabBarController.swift */; };
		09672F962995B13B00931891 /* HomeHeader.swift in Sources */ = {isa = PBXBuildFile; fileRef = 09672F952995B13B00931891 /* HomeHeader.swift */; };
		09672F982995B61F00931891 /* HomeGroupCell.swift in Sources */ = {isa = PBXBuildFile; fileRef = 09672F972995B61F00931891 /* HomeGroupCell.swift */; };
		09672F9B2995B6E000931891 /* Extensions.swift in Sources */ = {isa = PBXBuildFile; fileRef = 09672F9A2995B6E000931891 /* Extensions.swift */; };
		09672F9D2995B92500931891 /* HomeHorizontalController.swift in Sources */ = {isa = PBXBuildFile; fileRef = 09672F9C2995B92500931891 /* HomeHorizontalController.swift */; };
		09672FA12995B98300931891 /* SnappingLayout.swift in Sources */ = {isa = PBXBuildFile; fileRef = 09672FA02995B98300931891 /* SnappingLayout.swift */; };
		09672FA32995C0AE00931891 /* HomeRowCell.swift in Sources */ = {isa = PBXBuildFile; fileRef = 09672FA22995C0AE00931891 /* HomeRowCell.swift */; };
		09672FA52995C36E00931891 /* VerticalStackView.swift in Sources */ = {isa = PBXBuildFile; fileRef = 09672FA42995C36E00931891 /* VerticalStackView.swift */; };
		09A39FF42996F9D700AD821F /* TVShow.swift in Sources */ = {isa = PBXBuildFile; fileRef = 09A39FF32996F9D700AD821F /* TVShow.swift */; };
		09A39FF62996FC9A00AD821F /* TVSeries.swift in Sources */ = {isa = PBXBuildFile; fileRef = 09A39FF52996FC9A00AD821F /* TVSeries.swift */; };
		09C4B67729965D6C00F49402 /* PopularMovie.swift in Sources */ = {isa = PBXBuildFile; fileRef = 09C4B67629965D6C00F49402 /* PopularMovie.swift */; };
		09C4B67929965E2D00F49402 /* Service.swift in Sources */ = {isa = PBXBuildFile; fileRef = 09C4B67829965E2D00F49402 /* Service.swift */; };
		09C4B67B2996672F00F49402 /* HeaderHorizontalController.swift in Sources */ = {isa = PBXBuildFile; fileRef = 09C4B67A2996672F00F49402 /* HeaderHorizontalController.swift */; };
		09C4B67D2996677800F49402 /* HorizontalSnappingController.swift in Sources */ = {isa = PBXBuildFile; fileRef = 09C4B67C2996677800F49402 /* HorizontalSnappingController.swift */; };
		09C4B67F29966D3D00F49402 /* HomeHeaderCell.swift in Sources */ = {isa = PBXBuildFile; fileRef = 09C4B67E29966D3D00F49402 /* HomeHeaderCell.swift */; };
		09EB98D72997AC2200995DD4 /* HomeFooter.swift in Sources */ = {isa = PBXBuildFile; fileRef = 09EB98D62997AC2200995DD4 /* HomeFooter.swift */; };
		09EB98D92997ADAF00995DD4 /* HomeFooterController.swift in Sources */ = {isa = PBXBuildFile; fileRef = 09EB98D82997ADAF00995DD4 /* HomeFooterController.swift */; };
/* End PBXBuildFile section */

/* Begin PBXFileReference section */
		091F4C022993D38C00274A9B /* PopularMovie.app */ = {isa = PBXFileReference; explicitFileType = wrapper.application; includeInIndex = 0; path = PopularMovie.app; sourceTree = BUILT_PRODUCTS_DIR; };
		091F4C052993D38C00274A9B /* AppDelegate.swift */ = {isa = PBXFileReference; lastKnownFileType = sourcecode.swift; path = AppDelegate.swift; sourceTree = "<group>"; };
		091F4C072993D38C00274A9B /* SceneDelegate.swift */ = {isa = PBXFileReference; lastKnownFileType = sourcecode.swift; path = SceneDelegate.swift; sourceTree = "<group>"; };
		091F4C0E2993D39200274A9B /* Assets.xcassets */ = {isa = PBXFileReference; lastKnownFileType = folder.assetcatalog; path = Assets.xcassets; sourceTree = "<group>"; };
		091F4C112993D39200274A9B /* Base */ = {isa = PBXFileReference; lastKnownFileType = file.storyboard; name = Base; path = Base.lproj/LaunchScreen.storyboard; sourceTree = "<group>"; };
		091F4C132993D39200274A9B /* Info.plist */ = {isa = PBXFileReference; lastKnownFileType = text.plist.xml; path = Info.plist; sourceTree = "<group>"; };
		091F4C1F2993D60200274A9B /* HomePageController.swift */ = {isa = PBXFileReference; lastKnownFileType = sourcecode.swift; path = HomePageController.swift; sourceTree = "<group>"; };
		091F4C212993D6C600274A9B /* BaseController.swift */ = {isa = PBXFileReference; lastKnownFileType = sourcecode.swift; path = BaseController.swift; sourceTree = "<group>"; };
		091F4C232993D8B700274A9B /* UIView+Layout.swift */ = {isa = PBXFileReference; fileEncoding = 4; lastKnownFileType = sourcecode.swift; path = "UIView+Layout.swift"; sourceTree = "<group>"; };
		09672F922995AEC600931891 /* BaseTabBarController.swift */ = {isa = PBXFileReference; lastKnownFileType = sourcecode.swift; path = BaseTabBarController.swift; sourceTree = "<group>"; };
		09672F952995B13B00931891 /* HomeHeader.swift */ = {isa = PBXFileReference; lastKnownFileType = sourcecode.swift; path = HomeHeader.swift; sourceTree = "<group>"; };
		09672F972995B61F00931891 /* HomeGroupCell.swift */ = {isa = PBXFileReference; lastKnownFileType = sourcecode.swift; path = HomeGroupCell.swift; sourceTree = "<group>"; };
		09672F9A2995B6E000931891 /* Extensions.swift */ = {isa = PBXFileReference; lastKnownFileType = sourcecode.swift; path = Extensions.swift; sourceTree = "<group>"; };
		09672F9C2995B92500931891 /* HomeHorizontalController.swift */ = {isa = PBXFileReference; lastKnownFileType = sourcecode.swift; path = HomeHorizontalController.swift; sourceTree = "<group>"; };
		09672FA02995B98300931891 /* SnappingLayout.swift */ = {isa = PBXFileReference; fileEncoding = 4; lastKnownFileType = sourcecode.swift; path = SnappingLayout.swift; sourceTree = "<group>"; };
		09672FA22995C0AE00931891 /* HomeRowCell.swift */ = {isa = PBXFileReference; lastKnownFileType = sourcecode.swift; path = HomeRowCell.swift; sourceTree = "<group>"; };
		09672FA42995C36E00931891 /* VerticalStackView.swift */ = {isa = PBXFileReference; lastKnownFileType = sourcecode.swift; path = VerticalStackView.swift; sourceTree = "<group>"; };
		09A39FF32996F9D700AD821F /* TVShow.swift */ = {isa = PBXFileReference; lastKnownFileType = sourcecode.swift; path = TVShow.swift; sourceTree = "<group>"; };
		09A39FF52996FC9A00AD821F /* TVSeries.swift */ = {isa = PBXFileReference; lastKnownFileType = sourcecode.swift; path = TVSeries.swift; sourceTree = "<group>"; };
		09C4B67629965D6C00F49402 /* PopularMovie.swift */ = {isa = PBXFileReference; lastKnownFileType = sourcecode.swift; path = PopularMovie.swift; sourceTree = "<group>"; };
		09C4B67829965E2D00F49402 /* Service.swift */ = {isa = PBXFileReference; lastKnownFileType = sourcecode.swift; path = Service.swift; sourceTree = "<group>"; };
		09C4B67A2996672F00F49402 /* HeaderHorizontalController.swift */ = {isa = PBXFileReference; lastKnownFileType = sourcecode.swift; path = HeaderHorizontalController.swift; sourceTree = "<group>"; };
		09C4B67C2996677800F49402 /* HorizontalSnappingController.swift */ = {isa = PBXFileReference; lastKnownFileType = sourcecode.swift; path = HorizontalSnappingController.swift; sourceTree = "<group>"; };
		09C4B67E29966D3D00F49402 /* HomeHeaderCell.swift */ = {isa = PBXFileReference; lastKnownFileType = sourcecode.swift; path = HomeHeaderCell.swift; sourceTree = "<group>"; };
		09EB98D62997AC2200995DD4 /* HomeFooter.swift */ = {isa = PBXFileReference; lastKnownFileType = sourcecode.swift; path = HomeFooter.swift; sourceTree = "<group>"; };
		09EB98D82997ADAF00995DD4 /* HomeFooterController.swift */ = {isa = PBXFileReference; lastKnownFileType = sourcecode.swift; path = HomeFooterController.swift; sourceTree = "<group>"; };
/* End PBXFileReference section */

/* Begin PBXFrameworksBuildPhase section */
		091F4BFF2993D38C00274A9B /* Frameworks */ = {
			isa = PBXFrameworksBuildPhase;
			buildActionMask = 2147483647;
			files = (
			);
			runOnlyForDeploymentPostprocessing = 0;
		};
/* End PBXFrameworksBuildPhase section */

/* Begin PBXGroup section */
		091F4BF92993D38B00274A9B = {
			isa = PBXGroup;
			children = (
				091F4C042993D38C00274A9B /* PopularMovie */,
				091F4C032993D38C00274A9B /* Products */,
			);
			sourceTree = "<group>";
		};
		091F4C032993D38C00274A9B /* Products */ = {
			isa = PBXGroup;
			children = (
				091F4C022993D38C00274A9B /* PopularMovie.app */,
			);
			name = Products;
			sourceTree = "<group>";
		};
		091F4C042993D38C00274A9B /* PopularMovie */ = {
			isa = PBXGroup;
			children = (
				091F4C1B2993D49C00274A9B /* Model */,
				091F4C1D2993D4AD00274A9B /* View */,
				091F4C1A2993D48F00274A9B /* Controller */,
				091F4C1C2993D4A500274A9B /* Service */,
				091F4C1E2993D4C100274A9B /* Helpers */,
				091F4C192993D3CC00274A9B /* System */,
			);
			path = PopularMovie;
			sourceTree = "<group>";
		};
		091F4C192993D3CC00274A9B /* System */ = {
			isa = PBXGroup;
			children = (
				091F4C052993D38C00274A9B /* AppDelegate.swift */,
				091F4C072993D38C00274A9B /* SceneDelegate.swift */,
				091F4C0E2993D39200274A9B /* Assets.xcassets */,
				091F4C102993D39200274A9B /* LaunchScreen.storyboard */,
				091F4C132993D39200274A9B /* Info.plist */,
			);
			path = System;
			sourceTree = "<group>";
		};
		091F4C1A2993D48F00274A9B /* Controller */ = {
			isa = PBXGroup;
			children = (
				091F4C212993D6C600274A9B /* BaseController.swift */,
				09672F922995AEC600931891 /* BaseTabBarController.swift */,
				09C4B67C2996677800F49402 /* HorizontalSnappingController.swift */,
				09672F8E2995A2E000931891 /* Home */,
				09672F8F2995A2EF00931891 /* Detail */,
			);
			path = Controller;
			sourceTree = "<group>";
		};
		091F4C1B2993D49C00274A9B /* Model */ = {
			isa = PBXGroup;
			children = (
				09C4B67629965D6C00F49402 /* PopularMovie.swift */,
				09A39FF32996F9D700AD821F /* TVShow.swift */,
				09A39FF52996FC9A00AD821F /* TVSeries.swift */,
			);
			path = Model;
			sourceTree = "<group>";
		};
		091F4C1C2993D4A500274A9B /* Service */ = {
			isa = PBXGroup;
			children = (
				09C4B67829965E2D00F49402 /* Service.swift */,
			);
			path = Service;
			sourceTree = "<group>";
		};
		091F4C1D2993D4AD00274A9B /* View */ = {
			isa = PBXGroup;
			children = (
				09672F942995B10C00931891 /* Home */,
			);
			path = View;
			sourceTree = "<group>";
		};
		091F4C1E2993D4C100274A9B /* Helpers */ = {
			isa = PBXGroup;
			children = (
				09672F9A2995B6E000931891 /* Extensions.swift */,
				091F4C232993D8B700274A9B /* UIView+Layout.swift */,
				09672FA02995B98300931891 /* SnappingLayout.swift */,
				09672FA42995C36E00931891 /* VerticalStackView.swift */,
			);
			path = Helpers;
			sourceTree = "<group>";
		};
		09672F8E2995A2E000931891 /* Home */ = {
			isa = PBXGroup;
			children = (
				091F4C1F2993D60200274A9B /* HomePageController.swift */,
				09C4B67A2996672F00F49402 /* HeaderHorizontalController.swift */,
				09672F9C2995B92500931891 /* HomeHorizontalController.swift */,
				09EB98D82997ADAF00995DD4 /* HomeFooterController.swift */,
			);
			path = Home;
			sourceTree = "<group>";
		};
		09672F8F2995A2EF00931891 /* Detail */ = {
			isa = PBXGroup;
			children = (
			);
			path = Detail;
			sourceTree = "<group>";
		};
		09672F942995B10C00931891 /* Home */ = {
			isa = PBXGroup;
			children = (
				09672F972995B61F00931891 /* HomeGroupCell.swift */,
				09672FA22995C0AE00931891 /* HomeRowCell.swift */,
				09672F952995B13B00931891 /* HomeHeader.swift */,
				09C4B67E29966D3D00F49402 /* HomeHeaderCell.swift */,
				09EB98D62997AC2200995DD4 /* HomeFooter.swift */,
			);
			path = Home;
			sourceTree = "<group>";
		};
/* End PBXGroup section */

/* Begin PBXNativeTarget section */
		091F4C012993D38C00274A9B /* PopularMovie */ = {
			isa = PBXNativeTarget;
			buildConfigurationList = 091F4C162993D39200274A9B /* Build configuration list for PBXNativeTarget "PopularMovie" */;
			buildPhases = (
				091F4BFE2993D38C00274A9B /* Sources */,
				091F4BFF2993D38C00274A9B /* Frameworks */,
				091F4C002993D38C00274A9B /* Resources */,
			);
			buildRules = (
			);
			dependencies = (
			);
			name = PopularMovie;
			productName = PopularMovie;
			productReference = 091F4C022993D38C00274A9B /* PopularMovie.app */;
			productType = "com.apple.product-type.application";
		};
/* End PBXNativeTarget section */

/* Begin PBXProject section */
		091F4BFA2993D38C00274A9B /* Project object */ = {
			isa = PBXProject;
			attributes = {
				BuildIndependentTargetsInParallel = 1;
				LastSwiftUpdateCheck = 1420;
				LastUpgradeCheck = 1420;
				TargetAttributes = {
					091F4C012993D38C00274A9B = {
						CreatedOnToolsVersion = 14.2;
					};
				};
			};
			buildConfigurationList = 091F4BFD2993D38C00274A9B /* Build configuration list for PBXProject "PopularMovie" */;
			compatibilityVersion = "Xcode 14.0";
			developmentRegion = en;
			hasScannedForEncodings = 0;
			knownRegions = (
				en,
				Base,
			);
			mainGroup = 091F4BF92993D38B00274A9B;
			productRefGroup = 091F4C032993D38C00274A9B /* Products */;
			projectDirPath = "";
			projectRoot = "";
			targets = (
				091F4C012993D38C00274A9B /* PopularMovie */,
			);
		};
/* End PBXProject section */

/* Begin PBXResourcesBuildPhase section */
		091F4C002993D38C00274A9B /* Resources */ = {
			isa = PBXResourcesBuildPhase;
			buildActionMask = 2147483647;
			files = (
				091F4C122993D39200274A9B /* LaunchScreen.storyboard in Resources */,
				091F4C0F2993D39200274A9B /* Assets.xcassets in Resources */,
			);
			runOnlyForDeploymentPostprocessing = 0;
		};
/* End PBXResourcesBuildPhase section */

/* Begin PBXSourcesBuildPhase section */
		091F4BFE2993D38C00274A9B /* Sources */ = {
			isa = PBXSourcesBuildPhase;
			buildActionMask = 2147483647;
			files = (
				09A39FF42996F9D700AD821F /* TVShow.swift in Sources */,
				09EB98D92997ADAF00995DD4 /* HomeFooterController.swift in Sources */,
				09C4B67D2996677800F49402 /* HorizontalSnappingController.swift in Sources */,
				09A39FF62996FC9A00AD821F /* TVSeries.swift in Sources */,
				09672F9D2995B92500931891 /* HomeHorizontalController.swift in Sources */,
				091F4C222993D6C600274A9B /* BaseController.swift in Sources */,
				09672F9B2995B6E000931891 /* Extensions.swift in Sources */,
				091F4C242993D8B700274A9B /* UIView+Layout.swift in Sources */,
				09C4B67B2996672F00F49402 /* HeaderHorizontalController.swift in Sources */,
				09672F932995AEC600931891 /* BaseTabBarController.swift in Sources */,
				09C4B67F29966D3D00F49402 /* HomeHeaderCell.swift in Sources */,
				091F4C062993D38C00274A9B /* AppDelegate.swift in Sources */,
				09672F982995B61F00931891 /* HomeGroupCell.swift in Sources */,
				09672F962995B13B00931891 /* HomeHeader.swift in Sources */,
				09672FA32995C0AE00931891 /* HomeRowCell.swift in Sources */,
				09C4B67929965E2D00F49402 /* Service.swift in Sources */,
				091F4C082993D38C00274A9B /* SceneDelegate.swift in Sources */,
				09672FA12995B98300931891 /* SnappingLayout.swift in Sources */,
				091F4C202993D60200274A9B /* HomePageController.swift in Sources */,
				09672FA52995C36E00931891 /* VerticalStackView.swift in Sources */,
				09C4B67729965D6C00F49402 /* PopularMovie.swift in Sources */,
				09EB98D72997AC2200995DD4 /* HomeFooter.swift in Sources */,
			);
			runOnlyForDeploymentPostprocessing = 0;
		};
/* End PBXSourcesBuildPhase section */

/* Begin PBXVariantGroup section */
		091F4C102993D39200274A9B /* LaunchScreen.storyboard */ = {
			isa = PBXVariantGroup;
			children = (
				091F4C112993D39200274A9B /* Base */,
			);
			name = LaunchScreen.storyboard;
			sourceTree = "<group>";
		};
/* End PBXVariantGroup section */

/* Begin XCBuildConfiguration section */
		091F4C142993D39200274A9B /* Debug */ = {
			isa = XCBuildConfiguration;
			buildSettings = {
				ALWAYS_SEARCH_USER_PATHS = NO;
				CLANG_ANALYZER_NONNULL = YES;
				CLANG_ANALYZER_NUMBER_OBJECT_CONVERSION = YES_AGGRESSIVE;
				CLANG_CXX_LANGUAGE_STANDARD = "gnu++20";
				CLANG_ENABLE_MODULES = YES;
				CLANG_ENABLE_OBJC_ARC = YES;
				CLANG_ENABLE_OBJC_WEAK = YES;
				CLANG_WARN_BLOCK_CAPTURE_AUTORELEASING = YES;
				CLANG_WARN_BOOL_CONVERSION = YES;
				CLANG_WARN_COMMA = YES;
				CLANG_WARN_CONSTANT_CONVERSION = YES;
				CLANG_WARN_DEPRECATED_OBJC_IMPLEMENTATIONS = YES;
				CLANG_WARN_DIRECT_OBJC_ISA_USAGE = YES_ERROR;
				CLANG_WARN_DOCUMENTATION_COMMENTS = YES;
				CLANG_WARN_EMPTY_BODY = YES;
				CLANG_WARN_ENUM_CONVERSION = YES;
				CLANG_WARN_INFINITE_RECURSION = YES;
				CLANG_WARN_INT_CONVERSION = YES;
				CLANG_WARN_NON_LITERAL_NULL_CONVERSION = YES;
				CLANG_WARN_OBJC_IMPLICIT_RETAIN_SELF = YES;
				CLANG_WARN_OBJC_LITERAL_CONVERSION = YES;
				CLANG_WARN_OBJC_ROOT_CLASS = YES_ERROR;
				CLANG_WARN_QUOTED_INCLUDE_IN_FRAMEWORK_HEADER = YES;
				CLANG_WARN_RANGE_LOOP_ANALYSIS = YES;
				CLANG_WARN_STRICT_PROTOTYPES = YES;
				CLANG_WARN_SUSPICIOUS_MOVE = YES;
				CLANG_WARN_UNGUARDED_AVAILABILITY = YES_AGGRESSIVE;
				CLANG_WARN_UNREACHABLE_CODE = YES;
				CLANG_WARN__DUPLICATE_METHOD_MATCH = YES;
				COPY_PHASE_STRIP = NO;
				DEBUG_INFORMATION_FORMAT = dwarf;
				ENABLE_STRICT_OBJC_MSGSEND = YES;
				ENABLE_TESTABILITY = YES;
				GCC_C_LANGUAGE_STANDARD = gnu11;
				GCC_DYNAMIC_NO_PIC = NO;
				GCC_NO_COMMON_BLOCKS = YES;
				GCC_OPTIMIZATION_LEVEL = 0;
				GCC_PREPROCESSOR_DEFINITIONS = (
					"DEBUG=1",
					"$(inherited)",
				);
				GCC_WARN_64_TO_32_BIT_CONVERSION = YES;
				GCC_WARN_ABOUT_RETURN_TYPE = YES_ERROR;
				GCC_WARN_UNDECLARED_SELECTOR = YES;
				GCC_WARN_UNINITIALIZED_AUTOS = YES_AGGRESSIVE;
				GCC_WARN_UNUSED_FUNCTION = YES;
				GCC_WARN_UNUSED_VARIABLE = YES;
				IPHONEOS_DEPLOYMENT_TARGET = 16.2;
				MTL_ENABLE_DEBUG_INFO = INCLUDE_SOURCE;
				MTL_FAST_MATH = YES;
				ONLY_ACTIVE_ARCH = YES;
				SDKROOT = iphoneos;
				SWIFT_ACTIVE_COMPILATION_CONDITIONS = DEBUG;
				SWIFT_OPTIMIZATION_LEVEL = "-Onone";
			};
			name = Debug;
		};
		091F4C152993D39200274A9B /* Release */ = {
			isa = XCBuildConfiguration;
			buildSettings = {
				ALWAYS_SEARCH_USER_PATHS = NO;
				CLANG_ANALYZER_NONNULL = YES;
				CLANG_ANALYZER_NUMBER_OBJECT_CONVERSION = YES_AGGRESSIVE;
				CLANG_CXX_LANGUAGE_STANDARD = "gnu++20";
				CLANG_ENABLE_MODULES = YES;
				CLANG_ENABLE_OBJC_ARC = YES;
				CLANG_ENABLE_OBJC_WEAK = YES;
				CLANG_WARN_BLOCK_CAPTURE_AUTORELEASING = YES;
				CLANG_WARN_BOOL_CONVERSION = YES;
				CLANG_WARN_COMMA = YES;
				CLANG_WARN_CONSTANT_CONVERSION = YES;
				CLANG_WARN_DEPRECATED_OBJC_IMPLEMENTATIONS = YES;
				CLANG_WARN_DIRECT_OBJC_ISA_USAGE = YES_ERROR;
				CLANG_WARN_DOCUMENTATION_COMMENTS = YES;
				CLANG_WARN_EMPTY_BODY = YES;
				CLANG_WARN_ENUM_CONVERSION = YES;
				CLANG_WARN_INFINITE_RECURSION = YES;
				CLANG_WARN_INT_CONVERSION = YES;
				CLANG_WARN_NON_LITERAL_NULL_CONVERSION = YES;
				CLANG_WARN_OBJC_IMPLICIT_RETAIN_SELF = YES;
				CLANG_WARN_OBJC_LITERAL_CONVERSION = YES;
				CLANG_WARN_OBJC_ROOT_CLASS = YES_ERROR;
				CLANG_WARN_QUOTED_INCLUDE_IN_FRAMEWORK_HEADER = YES;
				CLANG_WARN_RANGE_LOOP_ANALYSIS = YES;
				CLANG_WARN_STRICT_PROTOTYPES = YES;
				CLANG_WARN_SUSPICIOUS_MOVE = YES;
				CLANG_WARN_UNGUARDED_AVAILABILITY = YES_AGGRESSIVE;
				CLANG_WARN_UNREACHABLE_CODE = YES;
				CLANG_WARN__DUPLICATE_METHOD_MATCH = YES;
				COPY_PHASE_STRIP = NO;
				DEBUG_INFORMATION_FORMAT = "dwarf-with-dsym";
				ENABLE_NS_ASSERTIONS = NO;
				ENABLE_STRICT_OBJC_MSGSEND = YES;
				GCC_C_LANGUAGE_STANDARD = gnu11;
				GCC_NO_COMMON_BLOCKS = YES;
				GCC_WARN_64_TO_32_BIT_CONVERSION = YES;
				GCC_WARN_ABOUT_RETURN_TYPE = YES_ERROR;
				GCC_WARN_UNDECLARED_SELECTOR = YES;
				GCC_WARN_UNINITIALIZED_AUTOS = YES_AGGRESSIVE;
				GCC_WARN_UNUSED_FUNCTION = YES;
				GCC_WARN_UNUSED_VARIABLE = YES;
				IPHONEOS_DEPLOYMENT_TARGET = 16.2;
				MTL_ENABLE_DEBUG_INFO = NO;
				MTL_FAST_MATH = YES;
				SDKROOT = iphoneos;
				SWIFT_COMPILATION_MODE = wholemodule;
				SWIFT_OPTIMIZATION_LEVEL = "-O";
				VALIDATE_PRODUCT = YES;
			};
			name = Release;
		};
		091F4C172993D39200274A9B /* Debug */ = {
			isa = XCBuildConfiguration;
			buildSettings = {
				ASSETCATALOG_COMPILER_APPICON_NAME = AppIcon;
				ASSETCATALOG_COMPILER_GLOBAL_ACCENT_COLOR_NAME = AccentColor;
				CODE_SIGN_STYLE = Automatic;
				CURRENT_PROJECT_VERSION = 1;
				DEVELOPMENT_TEAM = 2B85PH5M9P;
				GENERATE_INFOPLIST_FILE = YES;
				IBSC_FLATTEN_NIBS = NO;
				INFOPLIST_FILE = PopularMovie/System/Info.plist;
				INFOPLIST_KEY_UIApplicationSupportsIndirectInputEvents = YES;
				INFOPLIST_KEY_UILaunchStoryboardName = LaunchScreen;
				INFOPLIST_KEY_UISupportedInterfaceOrientations = UIInterfaceOrientationPortrait;
				INFOPLIST_KEY_UISupportedInterfaceOrientations_iPad = "UIInterfaceOrientationLandscapeLeft UIInterfaceOrientationLandscapeRight UIInterfaceOrientationPortrait UIInterfaceOrientationPortraitUpsideDown";
				LD_RUNPATH_SEARCH_PATHS = (
					"$(inherited)",
					"@executable_path/Frameworks",
				);
				MARKETING_VERSION = 1.0;
				PRODUCT_BUNDLE_IDENTIFIER = "Yan-Rybkin.PopularMovie";
				PRODUCT_NAME = "$(TARGET_NAME)";
				SUPPORTED_PLATFORMS = "iphoneos iphonesimulator";
				SUPPORTS_MACCATALYST = NO;
				SUPPORTS_MAC_DESIGNED_FOR_IPHONE_IPAD = NO;
				SWIFT_EMIT_LOC_STRINGS = YES;
				SWIFT_VERSION = 5.0;
				TARGETED_DEVICE_FAMILY = 1;
			};
			name = Debug;
		};
		091F4C182993D39200274A9B /* Release */ = {
			isa = XCBuildConfiguration;
			buildSettings = {
				ASSETCATALOG_COMPILER_APPICON_NAME = AppIcon;
				ASSETCATALOG_COMPILER_GLOBAL_ACCENT_COLOR_NAME = AccentColor;
				CODE_SIGN_STYLE = Automatic;
				CURRENT_PROJECT_VERSION = 1;
				DEVELOPMENT_TEAM = 2B85PH5M9P;
				GENERATE_INFOPLIST_FILE = YES;
				IBSC_FLATTEN_NIBS = NO;
				INFOPLIST_FILE = PopularMovie/System/Info.plist;
				INFOPLIST_KEY_UIApplicationSupportsIndirectInputEvents = YES;
				INFOPLIST_KEY_UILaunchStoryboardName = LaunchScreen;
				INFOPLIST_KEY_UISupportedInterfaceOrientations = UIInterfaceOrientationPortrait;
				INFOPLIST_KEY_UISupportedInterfaceOrientations_iPad = "UIInterfaceOrientationLandscapeLeft UIInterfaceOrientationLandscapeRight UIInterfaceOrientationPortrait UIInterfaceOrientationPortraitUpsideDown";
				LD_RUNPATH_SEARCH_PATHS = (
					"$(inherited)",
					"@executable_path/Frameworks",
				);
				MARKETING_VERSION = 1.0;
				PRODUCT_BUNDLE_IDENTIFIER = "Yan-Rybkin.PopularMovie";
				PRODUCT_NAME = "$(TARGET_NAME)";
				SUPPORTED_PLATFORMS = "iphoneos iphonesimulator";
				SUPPORTS_MACCATALYST = NO;
				SUPPORTS_MAC_DESIGNED_FOR_IPHONE_IPAD = NO;
				SWIFT_EMIT_LOC_STRINGS = YES;
				SWIFT_VERSION = 5.0;
				TARGETED_DEVICE_FAMILY = 1;
			};
			name = Release;
		};
/* End XCBuildConfiguration section */

/* Begin XCConfigurationList section */
		091F4BFD2993D38C00274A9B /* Build configuration list for PBXProject "PopularMovie" */ = {
			isa = XCConfigurationList;
			buildConfigurations = (
				091F4C142993D39200274A9B /* Debug */,
				091F4C152993D39200274A9B /* Release */,
			);
			defaultConfigurationIsVisible = 0;
			defaultConfigurationName = Release;
		};
		091F4C162993D39200274A9B /* Build configuration list for PBXNativeTarget "PopularMovie" */ = {
			isa = XCConfigurationList;
			buildConfigurations = (
				091F4C172993D39200274A9B /* Debug */,
				091F4C182993D39200274A9B /* Release */,
			);
			defaultConfigurationIsVisible = 0;
			defaultConfigurationName = Release;
		};
/* End XCConfigurationList section */
	};
	rootObject = 091F4BFA2993D38C00274A9B /* Project object */;
}
